// !$*UTF8*$!
{
	archiveVersion = 1;
	classes = {
	};
	objectVersion = 46;
	objects = {

/* Begin PBXBuildFile section */
		F286C9EC1F43E88F00D18506 /* AppDelegate.swift in Sources */ = {isa = PBXBuildFile; fileRef = F286C9EB1F43E88F00D18506 /* AppDelegate.swift */; };
		F286C9EE1F43E88F00D18506 /* ViewController.swift in Sources */ = {isa = PBXBuildFile; fileRef = F286C9ED1F43E88F00D18506 /* ViewController.swift */; };
		F286C9F11F43E88F00D18506 /* Main.storyboard in Resources */ = {isa = PBXBuildFile; fileRef = F286C9EF1F43E88F00D18506 /* Main.storyboard */; };
		F286C9F31F43E88F00D18506 /* Assets.xcassets in Resources */ = {isa = PBXBuildFile; fileRef = F286C9F21F43E88F00D18506 /* Assets.xcassets */; };
		F286C9F61F43E88F00D18506 /* LaunchScreen.storyboard in Resources */ = {isa = PBXBuildFile; fileRef = F286C9F41F43E88F00D18506 /* LaunchScreen.storyboard */; };
		F286C9FE1F43FC9500D18506 /* GitHub.swift in Sources */ = {isa = PBXBuildFile; fileRef = F286C9FD1F43FC9500D18506 /* GitHub.swift */; };
/* End PBXBuildFile section */

/* Begin PBXFileReference section */
		F286C9E81F43E88F00D18506 /* GoGoGitHub.app */ = {isa = PBXFileReference; explicitFileType = wrapper.application; includeInIndex = 0; path = GoGoGitHub.app; sourceTree = BUILT_PRODUCTS_DIR; };
		F286C9EB1F43E88F00D18506 /* AppDelegate.swift */ = {isa = PBXFileReference; lastKnownFileType = sourcecode.swift; path = AppDelegate.swift; sourceTree = "<group>"; };
		F286C9ED1F43E88F00D18506 /* ViewController.swift */ = {isa = PBXFileReference; lastKnownFileType = sourcecode.swift; path = ViewController.swift; sourceTree = "<group>"; };
		F286C9F01F43E88F00D18506 /* Base */ = {isa = PBXFileReference; lastKnownFileType = file.storyboard; name = Base; path = Base.lproj/Main.storyboard; sourceTree = "<group>"; };
		F286C9F21F43E88F00D18506 /* Assets.xcassets */ = {isa = PBXFileReference; lastKnownFileType = folder.assetcatalog; path = Assets.xcassets; sourceTree = "<group>"; };
		F286C9F51F43E88F00D18506 /* Base */ = {isa = PBXFileReference; lastKnownFileType = file.storyboard; name = Base; path = Base.lproj/LaunchScreen.storyboard; sourceTree = "<group>"; };
		F286C9F71F43E88F00D18506 /* Info.plist */ = {isa = PBXFileReference; lastKnownFileType = text.plist.xml; path = Info.plist; sourceTree = "<group>"; };
		F286C9FD1F43FC9500D18506 /* GitHub.swift */ = {isa = PBXFileReference; fileEncoding = 4; lastKnownFileType = sourcecode.swift; path = GitHub.swift; sourceTree = "<group>"; };
/* End PBXFileReference section */

/* Begin PBXFrameworksBuildPhase section */
		F286C9E51F43E88F00D18506 /* Frameworks */ = {
			isa = PBXFrameworksBuildPhase;
			buildActionMask = 2147483647;
			files = (
			);
			runOnlyForDeploymentPostprocessing = 0;
		};
/* End PBXFrameworksBuildPhase section */

/* Begin PBXGroup section */
		F286C9DF1F43E88F00D18506 = {
			isa = PBXGroup;
			children = (
				F286C9EA1F43E88F00D18506 /* GoGoGitHub */,
				F286C9E91F43E88F00D18506 /* Products */,
			);
			sourceTree = "<group>";
		};
		F286C9E91F43E88F00D18506 /* Products */ = {
			isa = PBXGroup;
			children = (
				F286C9E81F43E88F00D18506 /* GoGoGitHub.app */,
			);
			name = Products;
			sourceTree = "<group>";
		};
		F286C9EA1F43E88F00D18506 /* GoGoGitHub */ = {
			isa = PBXGroup;
			children = (
				F286C9EB1F43E88F00D18506 /* AppDelegate.swift */,
				F286C9FF1F43FC9C00D18506 /* Model */,
				F286CA011F43FCAD00D18506 /* View */,
				F286CA001F43FCA400D18506 /* Controllers */,
				F286C9F21F43E88F00D18506 /* Assets.xcassets */,
				F286C9F41F43E88F00D18506 /* LaunchScreen.storyboard */,
				F286C9F71F43E88F00D18506 /* Info.plist */,
			);
			path = GoGoGitHub;
			sourceTree = "<group>";
		};
		F286C9FF1F43FC9C00D18506 /* Model */ = {
			isa = PBXGroup;
			children = (
				F286C9FD1F43FC9500D18506 /* GitHub.swift */,
			);
			name = Model;
			sourceTree = "<group>";
		};
		F286CA001F43FCA400D18506 /* Controllers */ = {
			isa = PBXGroup;
			children = (
				F286C9ED1F43E88F00D18506 /* ViewController.swift */,
			);
			name = Controllers;
			sourceTree = "<group>";
		};
		F286CA011F43FCAD00D18506 /* View */ = {
			isa = PBXGroup;
			children = (
				F286C9EF1F43E88F00D18506 /* Main.storyboard */,
			);
			name = View;
			sourceTree = "<group>";
		};
/* End PBXGroup section */

/* Begin PBXNativeTarget section */
		F286C9E71F43E88F00D18506 /* GoGoGitHub */ = {
			isa = PBXNativeTarget;
			buildConfigurationList = F286C9FA1F43E88F00D18506 /* Build configuration list for PBXNativeTarget "GoGoGitHub" */;
			buildPhases = (
				F286C9E41F43E88F00D18506 /* Sources */,
				F286C9E51F43E88F00D18506 /* Frameworks */,
				F286C9E61F43E88F00D18506 /* Resources */,
			);
			buildRules = (
			);
			dependencies = (
			);
			name = GoGoGitHub;
			productName = GoGoGitHub;
			productReference = F286C9E81F43E88F00D18506 /* GoGoGitHub.app */;
			productType = "com.apple.product-type.application";
		};
/* End PBXNativeTarget section */

/* Begin PBXProject section */
		F286C9E01F43E88F00D18506 /* Project object */ = {
			isa = PBXProject;
			attributes = {
				LastSwiftUpdateCheck = 0830;
				LastUpgradeCheck = 0830;
				ORGANIZATIONNAME = "Brandon Holderman";
				TargetAttributes = {
					F286C9E71F43E88F00D18506 = {
						CreatedOnToolsVersion = 8.3.3;
						DevelopmentTeam = 4YPJZ528E9;
						ProvisioningStyle = Automatic;
					};
				};
			};
			buildConfigurationList = F286C9E31F43E88F00D18506 /* Build configuration list for PBXProject "GoGoGitHub" */;
			compatibilityVersion = "Xcode 3.2";
			developmentRegion = English;
			hasScannedForEncodings = 0;
			knownRegions = (
				en,
				Base,
			);
			mainGroup = F286C9DF1F43E88F00D18506;
			productRefGroup = F286C9E91F43E88F00D18506 /* Products */;
			projectDirPath = "";
			projectRoot = "";
			targets = (
				F286C9E71F43E88F00D18506 /* GoGoGitHub */,
			);
		};
/* End PBXProject section */

/* Begin PBXResourcesBuildPhase section */
		F286C9E61F43E88F00D18506 /* Resources */ = {
			isa = PBXResourcesBuildPhase;
			buildActionMask = 2147483647;
			files = (
				F286C9F61F43E88F00D18506 /* LaunchScreen.storyboard in Resources */,
				F286C9F31F43E88F00D18506 /* Assets.xcassets in Resources */,
				F286C9F11F43E88F00D18506 /* Main.storyboard in Resources */,
			);
			runOnlyForDeploymentPostprocessing = 0;
		};
/* End PBXResourcesBuildPhase section */

/* Begin PBXSourcesBuildPhase section */
		F286C9E41F43E88F00D18506 /* Sources */ = {
			isa = PBXSourcesBuildPhase;
			buildActionMask = 2147483647;
			files = (
				F286C9FE1F43FC9500D18506 /* GitHub.swift in Sources */,
				F286C9EE1F43E88F00D18506 /* ViewController.swift in Sources */,
				F286C9EC1F43E88F00D18506 /* AppDelegate.swift in Sources */,
			);
			runOnlyForDeploymentPostprocessing = 0;
		};
/* End PBXSourcesBuildPhase section */

/* Begin PBXVariantGroup section */
		F286C9EF1F43E88F00D18506 /* Main.storyboard */ = {
			isa = PBXVariantGroup;
			children = (
				F286C9F01F43E88F00D18506 /* Base */,
			);
			name = Main.storyboard;
			sourceTree = "<group>";
		};
		F286C9F41F43E88F00D18506 /* LaunchScreen.storyboard */ = {
			isa = PBXVariantGroup;
			children = (
				F286C9F51F43E88F00D18506 /* Base */,
			);
			name = LaunchScreen.storyboard;
			sourceTree = "<group>";
		};
/* End PBXVariantGroup section */

/* Begin XCBuildConfiguration section */
		F286C9F81F43E88F00D18506 /* Debug */ = {
			isa = XCBuildConfiguration;
			buildSettings = {
				ALWAYS_SEARCH_USER_PATHS = NO;
				CLANG_ANALYZER_NONNULL = YES;
				CLANG_ANALYZER_NUMBER_OBJECT_CONVERSION = YES_AGGRESSIVE;
				CLANG_CXX_LANGUAGE_STANDARD = "gnu++0x";
				CLANG_CXX_LIBRARY = "libc++";
				CLANG_ENABLE_MODULES = YES;
				CLANG_ENABLE_OBJC_ARC = YES;
				CLANG_WARN_BOOL_CONVERSION = YES;
				CLANG_WARN_CONSTANT_CONVERSION = YES;
				CLANG_WARN_DIRECT_OBJC_ISA_USAGE = YES_ERROR;
				CLANG_WARN_DOCUMENTATION_COMMENTS = YES;
				CLANG_WARN_EMPTY_BODY = YES;
				CLANG_WARN_ENUM_CONVERSION = YES;
				CLANG_WARN_INFINITE_RECURSION = YES;
				CLANG_WARN_INT_CONVERSION = YES;
				CLANG_WARN_OBJC_ROOT_CLASS = YES_ERROR;
				CLANG_WARN_SUSPICIOUS_MOVE = YES;
				CLANG_WARN_UNREACHABLE_CODE = YES;
				CLANG_WARN__DUPLICATE_METHOD_MATCH = YES;
				"CODE_SIGN_IDENTITY[sdk=iphoneos*]" = "iPhone Developer";
				COPY_PHASE_STRIP = NO;
				DEBUG_INFORMATION_FORMAT = dwarf;
				ENABLE_STRICT_OBJC_MSGSEND = YES;
				ENABLE_TESTABILITY = YES;
				GCC_C_LANGUAGE_STANDARD = gnu99;
				GCC_DYNAMIC_NO_PIC = NO;
				GCC_NO_COMMON_BLOCKS = YES;
				GCC_OPTIMIZATION_LEVEL = 0;
				GCC_PREPROCESSOR_DEFINITIONS = (
					"DEBUG=1",
					"$(inherited)",
				);
				GCC_WARN_64_TO_32_BIT_CONVERSION = YES;
				GCC_WARN_ABOUT_RETURN_TYPE = YES_ERROR;
				GCC_WARN_UNDECLARED_SELECTOR = YES;
				GCC_WARN_UNINITIALIZED_AUTOS = YES_AGGRESSIVE;
				GCC_WARN_UNUSED_FUNCTION = YES;
				GCC_WARN_UNUSED_VARIABLE = YES;
				IPHONEOS_DEPLOYMENT_TARGET = 10.3;
				MTL_ENABLE_DEBUG_INFO = YES;
				ONLY_ACTIVE_ARCH = YES;
				SDKROOT = iphoneos;
				SWIFT_ACTIVE_COMPILATION_CONDITIONS = DEBUG;
				SWIFT_OPTIMIZATION_LEVEL = "-Onone";
				TARGETED_DEVICE_FAMILY = "1,2";
			};
			name = Debug;
		};
		F286C9F91F43E88F00D18506 /* Release */ = {
			isa = XCBuildConfiguration;
			buildSettings = {
				ALWAYS_SEARCH_USER_PATHS = NO;
				CLANG_ANALYZER_NONNULL = YES;
				CLANG_ANALYZER_NUMBER_OBJECT_CONVERSION = YES_AGGRESSIVE;
				CLANG_CXX_LANGUAGE_STANDARD = "gnu++0x";
				CLANG_CXX_LIBRARY = "libc++";
				CLANG_ENABLE_MODULES = YES;
				CLANG_ENABLE_OBJC_ARC = YES;
				CLANG_WARN_BOOL_CONVERSION = YES;
				CLANG_WARN_CONSTANT_CONVERSION = YES;
				CLANG_WARN_DIRECT_OBJC_ISA_USAGE = YES_ERROR;
				CLANG_WARN_DOCUMENTATION_COMMENTS = YES;
				CLANG_WARN_EMPTY_BODY = YES;
				CLANG_WARN_ENUM_CONVERSION = YES;
				CLANG_WARN_INFINITE_RECURSION = YES;
				CLANG_WARN_INT_CONVERSION = YES;
				CLANG_WARN_OBJC_ROOT_CLASS = YES_ERROR;
				CLANG_WARN_SUSPICIOUS_MOVE = YES;
				CLANG_WARN_UNREACHABLE_CODE = YES;
				CLANG_WARN__DUPLICATE_METHOD_MATCH = YES;
				"CODE_SIGN_IDENTITY[sdk=iphoneos*]" = "iPhone Developer";
				COPY_PHASE_STRIP = NO;
				DEBUG_INFORMATION_FORMAT = "dwarf-with-dsym";
				ENABLE_NS_ASSERTIONS = NO;
				ENABLE_STRICT_OBJC_MSGSEND = YES;
				GCC_C_LANGUAGE_STANDARD = gnu99;
				GCC_NO_COMMON_BLOCKS = YES;
				GCC_WARN_64_TO_32_BIT_CONVERSION = YES;
				GCC_WARN_ABOUT_RETURN_TYPE = YES_ERROR;
				GCC_WARN_UNDECLARED_SELECTOR = YES;
				GCC_WARN_UNINITIALIZED_AUTOS = YES_AGGRESSIVE;
				GCC_WARN_UNUSED_FUNCTION = YES;
				GCC_WARN_UNUSED_VARIABLE = YES;
				IPHONEOS_DEPLOYMENT_TARGET = 10.3;
				MTL_ENABLE_DEBUG_INFO = NO;
				SDKROOT = iphoneos;
				SWIFT_OPTIMIZATION_LEVEL = "-Owholemodule";
				TARGETED_DEVICE_FAMILY = "1,2";
				VALIDATE_PRODUCT = YES;
			};
			name = Release;
		};
		F286C9FB1F43E88F00D18506 /* Debug */ = {
			isa = XCBuildConfiguration;
			buildSettings = {
				ASSETCATALOG_COMPILER_APPICON_NAME = AppIcon;
				DEVELOPMENT_TEAM = 4YPJZ528E9;
				INFOPLIST_FILE = GoGoGitHub/Info.plist;
				LD_RUNPATH_SEARCH_PATHS = "$(inherited) @executable_path/Frameworks";
				PRODUCT_BUNDLE_IDENTIFIER = com.bhold6160.GoGoGitHub;
				PRODUCT_NAME = "$(TARGET_NAME)";
				SWIFT_VERSION = 3.0;
			};
			name = Debug;
		};
		F286C9FC1F43E88F00D18506 /* Release */ = {
			isa = XCBuildConfiguration;
			buildSettings = {
				ASSETCATALOG_COMPILER_APPICON_NAME = AppIcon;
				DEVELOPMENT_TEAM = 4YPJZ528E9;
				INFOPLIST_FILE = GoGoGitHub/Info.plist;
				LD_RUNPATH_SEARCH_PATHS = "$(inherited) @executable_path/Frameworks";
				PRODUCT_BUNDLE_IDENTIFIER = com.bhold6160.GoGoGitHub;
				PRODUCT_NAME = "$(TARGET_NAME)";
				SWIFT_VERSION = 3.0;
			};
			name = Release;
		};
/* End XCBuildConfiguration section */

/* Begin XCConfigurationList section */
		F286C9E31F43E88F00D18506 /* Build configuration list for PBXProject "GoGoGitHub" */ = {
			isa = XCConfigurationList;
			buildConfigurations = (
				F286C9F81F43E88F00D18506 /* Debug */,
				F286C9F91F43E88F00D18506 /* Release */,
			);
			defaultConfigurationIsVisible = 0;
			defaultConfigurationName = Release;
		};
		F286C9FA1F43E88F00D18506 /* Build configuration list for PBXNativeTarget "GoGoGitHub" */ = {
			isa = XCConfigurationList;
			buildConfigurations = (
				F286C9FB1F43E88F00D18506 /* Debug */,
				F286C9FC1F43E88F00D18506 /* Release */,
			);
			defaultConfigurationIsVisible = 0;
		};
/* End XCConfigurationList section */
	};
	rootObject = F286C9E01F43E88F00D18506 /* Project object */;
}
